// !$*UTF8*$!
{
	archiveVersion = 1;
	classes = {
	};
	objectVersion = 56;
	objects = {

/* Begin PBXBuildFile section */
		AB1027172B3431ED00FF3E44 /* DSPSDK.framework in Frameworks */ = {isa = PBXBuildFile; fileRef = AB1027162B3431ED00FF3E44 /* DSPSDK.framework */; };
		AB1027182B3431ED00FF3E44 /* DSPSDK.framework in Embed Frameworks */ = {isa = PBXBuildFile; fileRef = AB1027162B3431ED00FF3E44 /* DSPSDK.framework */; settings = {ATTRIBUTES = (CodeSignOnCopy, RemoveHeadersOnCopy, ); }; };
		AB1C592E2B3BC80A0032D7CE /* DSPSDK.podspec in Resources */ = {isa = PBXBuildFile; fileRef = AB1C592D2B3BC80A0032D7CE /* DSPSDK.podspec */; };
		AB6DC7A42B32F21400CDDCD4 /* AppDelegate.m in Sources */ = {isa = PBXBuildFile; fileRef = AB6DC7A32B32F21400CDDCD4 /* AppDelegate.m */; };
		AB6DC7A72B32F21400CDDCD4 /* SceneDelegate.m in Sources */ = {isa = PBXBuildFile; fileRef = AB6DC7A62B32F21400CDDCD4 /* SceneDelegate.m */; };
		AB6DC7AA2B32F21400CDDCD4 /* ViewController.m in Sources */ = {isa = PBXBuildFile; fileRef = AB6DC7A92B32F21400CDDCD4 /* ViewController.m */; };
		AB6DC7AD2B32F21400CDDCD4 /* Main.storyboard in Resources */ = {isa = PBXBuildFile; fileRef = AB6DC7AB2B32F21400CDDCD4 /* Main.storyboard */; };
		AB6DC7AF2B32F21500CDDCD4 /* Assets.xcassets in Resources */ = {isa = PBXBuildFile; fileRef = AB6DC7AE2B32F21500CDDCD4 /* Assets.xcassets */; };
		AB6DC7B22B32F21500CDDCD4 /* LaunchScreen.storyboard in Resources */ = {isa = PBXBuildFile; fileRef = AB6DC7B02B32F21500CDDCD4 /* LaunchScreen.storyboard */; };
		AB6DC7B52B32F21500CDDCD4 /* main.m in Sources */ = {isa = PBXBuildFile; fileRef = AB6DC7B42B32F21500CDDCD4 /* main.m */; };
		AB6DC7BF2B32F21500CDDCD4 /* DSPDemoTests.m in Sources */ = {isa = PBXBuildFile; fileRef = AB6DC7BE2B32F21500CDDCD4 /* DSPDemoTests.m */; };
		AB6DC7C92B32F21500CDDCD4 /* DSPDemoUITests.m in Sources */ = {isa = PBXBuildFile; fileRef = AB6DC7C82B32F21500CDDCD4 /* DSPDemoUITests.m */; };
		AB6DC7CB2B32F21500CDDCD4 /* DSPDemoUITestsLaunchTests.m in Sources */ = {isa = PBXBuildFile; fileRef = AB6DC7CA2B32F21500CDDCD4 /* DSPDemoUITestsLaunchTests.m */; };
		AB6E34FC2B3AD287000FE368 /* DSPBundle.bundle in Resources */ = {isa = PBXBuildFile; fileRef = AB6E34FB2B3AD287000FE368 /* DSPBundle.bundle */; };
		AB6E350E2B3AE410000FE368 /* UITextField+FunctionExpansion.m in Sources */ = {isa = PBXBuildFile; fileRef = AB6E35002B3AE410000FE368 /* UITextField+FunctionExpansion.m */; };
		AB6E350F2B3AE410000FE368 /* UIButton+FunctionExpansion.m in Sources */ = {isa = PBXBuildFile; fileRef = AB6E35052B3AE410000FE368 /* UIButton+FunctionExpansion.m */; };
		AB6E35102B3AE410000FE368 /* UIView+FunctionExpansion.m in Sources */ = {isa = PBXBuildFile; fileRef = AB6E35062B3AE410000FE368 /* UIView+FunctionExpansion.m */; };
		AB6E35112B3AE410000FE368 /* UILabel+FunctionExpansion.m in Sources */ = {isa = PBXBuildFile; fileRef = AB6E35082B3AE410000FE368 /* UILabel+FunctionExpansion.m */; };
		AB6E35122B3AE410000FE368 /* UINavigationController+FDFullscreenPopGesture.m in Sources */ = {isa = PBXBuildFile; fileRef = AB6E35092B3AE410000FE368 /* UINavigationController+FDFullscreenPopGesture.m */; };
/* End PBXBuildFile section */

/* Begin PBXContainerItemProxy section */
		AB6DC7BB2B32F21500CDDCD4 /* PBXContainerItemProxy */ = {
			isa = PBXContainerItemProxy;
			containerPortal = AB6DC7972B32F21400CDDCD4 /* Project object */;
			proxyType = 1;
			remoteGlobalIDString = AB6DC79E2B32F21400CDDCD4;
			remoteInfo = DSPDemo;
		};
		AB6DC7C52B32F21500CDDCD4 /* PBXContainerItemProxy */ = {
			isa = PBXContainerItemProxy;
			containerPortal = AB6DC7972B32F21400CDDCD4 /* Project object */;
			proxyType = 1;
			remoteGlobalIDString = AB6DC79E2B32F21400CDDCD4;
			remoteInfo = DSPDemo;
		};
/* End PBXContainerItemProxy section */

/* Begin PBXCopyFilesBuildPhase section */
		AB1027192B3431ED00FF3E44 /* Embed Frameworks */ = {
			isa = PBXCopyFilesBuildPhase;
			buildActionMask = 2147483647;
			dstPath = "";
			dstSubfolderSpec = 10;
			files = (
				AB1027182B3431ED00FF3E44 /* DSPSDK.framework in Embed Frameworks */,
			);
			name = "Embed Frameworks";
			runOnlyForDeploymentPostprocessing = 0;
		};
/* End PBXCopyFilesBuildPhase section */

/* Begin PBXFileReference section */
		AB1027162B3431ED00FF3E44 /* DSPSDK.framework */ = {isa = PBXFileReference; explicitFileType = wrapper.framework; path = DSPSDK.framework; sourceTree = BUILT_PRODUCTS_DIR; };
		AB1C592D2B3BC80A0032D7CE /* DSPSDK.podspec */ = {isa = PBXFileReference; fileEncoding = 4; lastKnownFileType = text; name = DSPSDK.podspec; path = ../DSPSDK.podspec; sourceTree = "<group>"; };
		AB6DC79F2B32F21400CDDCD4 /* DSPDemo.app */ = {isa = PBXFileReference; explicitFileType = wrapper.application; includeInIndex = 0; path = DSPDemo.app; sourceTree = BUILT_PRODUCTS_DIR; };
		AB6DC7A22B32F21400CDDCD4 /* AppDelegate.h */ = {isa = PBXFileReference; lastKnownFileType = sourcecode.c.h; path = AppDelegate.h; sourceTree = "<group>"; };
		AB6DC7A32B32F21400CDDCD4 /* AppDelegate.m */ = {isa = PBXFileReference; lastKnownFileType = sourcecode.c.objc; path = AppDelegate.m; sourceTree = "<group>"; };
		AB6DC7A52B32F21400CDDCD4 /* SceneDelegate.h */ = {isa = PBXFileReference; lastKnownFileType = sourcecode.c.h; path = SceneDelegate.h; sourceTree = "<group>"; };
		AB6DC7A62B32F21400CDDCD4 /* SceneDelegate.m */ = {isa = PBXFileReference; lastKnownFileType = sourcecode.c.objc; path = SceneDelegate.m; sourceTree = "<group>"; };
		AB6DC7A82B32F21400CDDCD4 /* ViewController.h */ = {isa = PBXFileReference; lastKnownFileType = sourcecode.c.h; path = ViewController.h; sourceTree = "<group>"; };
		AB6DC7A92B32F21400CDDCD4 /* ViewController.m */ = {isa = PBXFileReference; lastKnownFileType = sourcecode.c.objc; path = ViewController.m; sourceTree = "<group>"; };
		AB6DC7AC2B32F21400CDDCD4 /* Base */ = {isa = PBXFileReference; lastKnownFileType = file.storyboard; name = Base; path = Base.lproj/Main.storyboard; sourceTree = "<group>"; };
		AB6DC7AE2B32F21500CDDCD4 /* Assets.xcassets */ = {isa = PBXFileReference; lastKnownFileType = folder.assetcatalog; path = Assets.xcassets; sourceTree = "<group>"; };
		AB6DC7B12B32F21500CDDCD4 /* Base */ = {isa = PBXFileReference; lastKnownFileType = file.storyboard; name = Base; path = Base.lproj/LaunchScreen.storyboard; sourceTree = "<group>"; };
		AB6DC7B32B32F21500CDDCD4 /* Info.plist */ = {isa = PBXFileReference; lastKnownFileType = text.plist.xml; path = Info.plist; sourceTree = "<group>"; };
		AB6DC7B42B32F21500CDDCD4 /* main.m */ = {isa = PBXFileReference; lastKnownFileType = sourcecode.c.objc; path = main.m; sourceTree = "<group>"; };
		AB6DC7BA2B32F21500CDDCD4 /* DSPDemoTests.xctest */ = {isa = PBXFileReference; explicitFileType = wrapper.cfbundle; includeInIndex = 0; path = DSPDemoTests.xctest; sourceTree = BUILT_PRODUCTS_DIR; };
		AB6DC7BE2B32F21500CDDCD4 /* DSPDemoTests.m */ = {isa = PBXFileReference; lastKnownFileType = sourcecode.c.objc; path = DSPDemoTests.m; sourceTree = "<group>"; };
		AB6DC7C42B32F21500CDDCD4 /* DSPDemoUITests.xctest */ = {isa = PBXFileReference; explicitFileType = wrapper.cfbundle; includeInIndex = 0; path = DSPDemoUITests.xctest; sourceTree = BUILT_PRODUCTS_DIR; };
		AB6DC7C82B32F21500CDDCD4 /* DSPDemoUITests.m */ = {isa = PBXFileReference; lastKnownFileType = sourcecode.c.objc; path = DSPDemoUITests.m; sourceTree = "<group>"; };
		AB6DC7CA2B32F21500CDDCD4 /* DSPDemoUITestsLaunchTests.m */ = {isa = PBXFileReference; lastKnownFileType = sourcecode.c.objc; path = DSPDemoUITestsLaunchTests.m; sourceTree = "<group>"; };
		AB6E34FB2B3AD287000FE368 /* DSPBundle.bundle */ = {isa = PBXFileReference; lastKnownFileType = "wrapper.plug-in"; path = DSPBundle.bundle; sourceTree = "<group>"; };
		AB6E35002B3AE410000FE368 /* UITextField+FunctionExpansion.m */ = {isa = PBXFileReference; fileEncoding = 4; lastKnownFileType = sourcecode.c.objc; path = "UITextField+FunctionExpansion.m"; sourceTree = "<group>"; };
		AB6E35012B3AE410000FE368 /* UINavigationController+FDFullscreenPopGesture.h */ = {isa = PBXFileReference; fileEncoding = 4; lastKnownFileType = sourcecode.c.h; path = "UINavigationController+FDFullscreenPopGesture.h"; sourceTree = "<group>"; };
		AB6E35022B3AE410000FE368 /* UILabel+FunctionExpansion.h */ = {isa = PBXFileReference; fileEncoding = 4; lastKnownFileType = sourcecode.c.h; path = "UILabel+FunctionExpansion.h"; sourceTree = "<group>"; };
		AB6E35052B3AE410000FE368 /* UIButton+FunctionExpansion.m */ = {isa = PBXFileReference; fileEncoding = 4; lastKnownFileType = sourcecode.c.objc; path = "UIButton+FunctionExpansion.m"; sourceTree = "<group>"; };
		AB6E35062B3AE410000FE368 /* UIView+FunctionExpansion.m */ = {isa = PBXFileReference; fileEncoding = 4; lastKnownFileType = sourcecode.c.objc; path = "UIView+FunctionExpansion.m"; sourceTree = "<group>"; };
		AB6E35072B3AE410000FE368 /* UITextField+FunctionExpansion.h */ = {isa = PBXFileReference; fileEncoding = 4; lastKnownFileType = sourcecode.c.h; path = "UITextField+FunctionExpansion.h"; sourceTree = "<group>"; };
		AB6E35082B3AE410000FE368 /* UILabel+FunctionExpansion.m */ = {isa = PBXFileReference; fileEncoding = 4; lastKnownFileType = sourcecode.c.objc; path = "UILabel+FunctionExpansion.m"; sourceTree = "<group>"; };
		AB6E35092B3AE410000FE368 /* UINavigationController+FDFullscreenPopGesture.m */ = {isa = PBXFileReference; fileEncoding = 4; lastKnownFileType = sourcecode.c.objc; path = "UINavigationController+FDFullscreenPopGesture.m"; sourceTree = "<group>"; };
		AB6E350C2B3AE410000FE368 /* UIView+FunctionExpansion.h */ = {isa = PBXFileReference; fileEncoding = 4; lastKnownFileType = sourcecode.c.h; path = "UIView+FunctionExpansion.h"; sourceTree = "<group>"; };
		AB6E350D2B3AE410000FE368 /* UIButton+FunctionExpansion.h */ = {isa = PBXFileReference; fileEncoding = 4; lastKnownFileType = sourcecode.c.h; path = "UIButton+FunctionExpansion.h"; sourceTree = "<group>"; };
/* End PBXFileReference section */

/* Begin PBXFrameworksBuildPhase section */
		AB6DC79C2B32F21400CDDCD4 /* Frameworks */ = {
			isa = PBXFrameworksBuildPhase;
			buildActionMask = 2147483647;
			files = (
				AB1027172B3431ED00FF3E44 /* DSPSDK.framework in Frameworks */,
			);
			runOnlyForDeploymentPostprocessing = 0;
		};
		AB6DC7B72B32F21500CDDCD4 /* Frameworks */ = {
			isa = PBXFrameworksBuildPhase;
			buildActionMask = 2147483647;
			files = (
			);
			runOnlyForDeploymentPostprocessing = 0;
		};
		AB6DC7C12B32F21500CDDCD4 /* Frameworks */ = {
			isa = PBXFrameworksBuildPhase;
			buildActionMask = 2147483647;
			files = (
			);
			runOnlyForDeploymentPostprocessing = 0;
		};
/* End PBXFrameworksBuildPhase section */

/* Begin PBXGroup section */
		AB1027152B3431ED00FF3E44 /* Frameworks */ = {
			isa = PBXGroup;
			children = (
				AB1027162B3431ED00FF3E44 /* DSPSDK.framework */,
			);
			name = Frameworks;
			sourceTree = "<group>";
		};
		AB6DC7962B32F21400CDDCD4 = {
			isa = PBXGroup;
			children = (
				AB1C592D2B3BC80A0032D7CE /* DSPSDK.podspec */,
				AB6DC7A12B32F21400CDDCD4 /* DSPDemo */,
				AB6DC7BD2B32F21500CDDCD4 /* DSPDemoTests */,
				AB6DC7C72B32F21500CDDCD4 /* DSPDemoUITests */,
				AB6DC7A02B32F21400CDDCD4 /* Products */,
				AB1027152B3431ED00FF3E44 /* Frameworks */,
			);
			sourceTree = "<group>";
		};
		AB6DC7A02B32F21400CDDCD4 /* Products */ = {
			isa = PBXGroup;
			children = (
				AB6DC79F2B32F21400CDDCD4 /* DSPDemo.app */,
				AB6DC7BA2B32F21500CDDCD4 /* DSPDemoTests.xctest */,
				AB6DC7C42B32F21500CDDCD4 /* DSPDemoUITests.xctest */,
			);
			name = Products;
			sourceTree = "<group>";
		};
		AB6DC7A12B32F21400CDDCD4 /* DSPDemo */ = {
			isa = PBXGroup;
			children = (
				AB6E34FF2B3AE410000FE368 /* UITools */,
				AB6E34FA2B3AD279000FE368 /* bundles */,
				AB6DC7A22B32F21400CDDCD4 /* AppDelegate.h */,
				AB6DC7A32B32F21400CDDCD4 /* AppDelegate.m */,
				AB6DC7A52B32F21400CDDCD4 /* SceneDelegate.h */,
				AB6DC7A62B32F21400CDDCD4 /* SceneDelegate.m */,
				AB6DC7A82B32F21400CDDCD4 /* ViewController.h */,
				AB6DC7A92B32F21400CDDCD4 /* ViewController.m */,
				AB6DC7AB2B32F21400CDDCD4 /* Main.storyboard */,
				AB6DC7AE2B32F21500CDDCD4 /* Assets.xcassets */,
				AB6DC7B02B32F21500CDDCD4 /* LaunchScreen.storyboard */,
				AB6DC7B32B32F21500CDDCD4 /* Info.plist */,
				AB6DC7B42B32F21500CDDCD4 /* main.m */,
			);
			path = DSPDemo;
			sourceTree = "<group>";
		};
		AB6DC7BD2B32F21500CDDCD4 /* DSPDemoTests */ = {
			isa = PBXGroup;
			children = (
				AB6DC7BE2B32F21500CDDCD4 /* DSPDemoTests.m */,
			);
			path = DSPDemoTests;
			sourceTree = "<group>";
		};
		AB6DC7C72B32F21500CDDCD4 /* DSPDemoUITests */ = {
			isa = PBXGroup;
			children = (
				AB6DC7C82B32F21500CDDCD4 /* DSPDemoUITests.m */,
				AB6DC7CA2B32F21500CDDCD4 /* DSPDemoUITestsLaunchTests.m */,
			);
			path = DSPDemoUITests;
			sourceTree = "<group>";
		};
		AB6E34FA2B3AD279000FE368 /* bundles */ = {
			isa = PBXGroup;
			children = (
				AB6E34FB2B3AD287000FE368 /* DSPBundle.bundle */,
			);
			path = bundles;
			sourceTree = "<group>";
		};
		AB6E34FF2B3AE410000FE368 /* UITools */ = {
			isa = PBXGroup;
			children = (
				AB6E350D2B3AE410000FE368 /* UIButton+FunctionExpansion.h */,
				AB6E35052B3AE410000FE368 /* UIButton+FunctionExpansion.m */,
				AB6E35022B3AE410000FE368 /* UILabel+FunctionExpansion.h */,
				AB6E35082B3AE410000FE368 /* UILabel+FunctionExpansion.m */,
				AB6E35012B3AE410000FE368 /* UINavigationController+FDFullscreenPopGesture.h */,
				AB6E35092B3AE410000FE368 /* UINavigationController+FDFullscreenPopGesture.m */,
				AB6E35072B3AE410000FE368 /* UITextField+FunctionExpansion.h */,
				AB6E35002B3AE410000FE368 /* UITextField+FunctionExpansion.m */,
				AB6E350C2B3AE410000FE368 /* UIView+FunctionExpansion.h */,
				AB6E35062B3AE410000FE368 /* UIView+FunctionExpansion.m */,
			);
			path = UITools;
			sourceTree = "<group>";
		};
/* End PBXGroup section */

/* Begin PBXNativeTarget section */
		AB6DC79E2B32F21400CDDCD4 /* DSPDemo */ = {
			isa = PBXNativeTarget;
			buildConfigurationList = AB6DC7CE2B32F21500CDDCD4 /* Build configuration list for PBXNativeTarget "DSPDemo" */;
			buildPhases = (
				AB6DC79B2B32F21400CDDCD4 /* Sources */,
				AB6DC79C2B32F21400CDDCD4 /* Frameworks */,
				AB6DC79D2B32F21400CDDCD4 /* Resources */,
				AB1027192B3431ED00FF3E44 /* Embed Frameworks */,
			);
			buildRules = (
			);
			dependencies = (
			);
			name = DSPDemo;
			productName = DSPDemo;
			productReference = AB6DC79F2B32F21400CDDCD4 /* DSPDemo.app */;
			productType = "com.apple.product-type.application";
		};
		AB6DC7B92B32F21500CDDCD4 /* DSPDemoTests */ = {
			isa = PBXNativeTarget;
			buildConfigurationList = AB6DC7D12B32F21500CDDCD4 /* Build configuration list for PBXNativeTarget "DSPDemoTests" */;
			buildPhases = (
				AB6DC7B62B32F21500CDDCD4 /* Sources */,
				AB6DC7B72B32F21500CDDCD4 /* Frameworks */,
				AB6DC7B82B32F21500CDDCD4 /* Resources */,
			);
			buildRules = (
			);
			dependencies = (
				AB6DC7BC2B32F21500CDDCD4 /* PBXTargetDependency */,
			);
			name = DSPDemoTests;
			productName = DSPDemoTests;
			productReference = AB6DC7BA2B32F21500CDDCD4 /* DSPDemoTests.xctest */;
			productType = "com.apple.product-type.bundle.unit-test";
		};
		AB6DC7C32B32F21500CDDCD4 /* DSPDemoUITests */ = {
			isa = PBXNativeTarget;
			buildConfigurationList = AB6DC7D42B32F21500CDDCD4 /* Build configuration list for PBXNativeTarget "DSPDemoUITests" */;
			buildPhases = (
				AB6DC7C02B32F21500CDDCD4 /* Sources */,
				AB6DC7C12B32F21500CDDCD4 /* Frameworks */,
				AB6DC7C22B32F21500CDDCD4 /* Resources */,
			);
			buildRules = (
			);
			dependencies = (
				AB6DC7C62B32F21500CDDCD4 /* PBXTargetDependency */,
			);
			name = DSPDemoUITests;
			productName = DSPDemoUITests;
			productReference = AB6DC7C42B32F21500CDDCD4 /* DSPDemoUITests.xctest */;
			productType = "com.apple.product-type.bundle.ui-testing";
		};
/* End PBXNativeTarget section */

/* Begin PBXProject section */
		AB6DC7972B32F21400CDDCD4 /* Project object */ = {
			isa = PBXProject;
			attributes = {
				BuildIndependentTargetsInParallel = 1;
				LastUpgradeCheck = 1500;
				TargetAttributes = {
					AB6DC79E2B32F21400CDDCD4 = {
						CreatedOnToolsVersion = 15.0.1;
					};
					AB6DC7B92B32F21500CDDCD4 = {
						CreatedOnToolsVersion = 15.0.1;
						TestTargetID = AB6DC79E2B32F21400CDDCD4;
					};
					AB6DC7C32B32F21500CDDCD4 = {
						CreatedOnToolsVersion = 15.0.1;
						TestTargetID = AB6DC79E2B32F21400CDDCD4;
					};
				};
			};
			buildConfigurationList = AB6DC79A2B32F21400CDDCD4 /* Build configuration list for PBXProject "DSPDemo" */;
			compatibilityVersion = "Xcode 14.0";
			developmentRegion = en;
			hasScannedForEncodings = 0;
			knownRegions = (
				en,
				Base,
			);
			mainGroup = AB6DC7962B32F21400CDDCD4;
			productRefGroup = AB6DC7962B32F21400CDDCD4;
			projectDirPath = "";
			projectRoot = "";
			targets = (
				AB6DC79E2B32F21400CDDCD4 /* DSPDemo */,
				AB6DC7B92B32F21500CDDCD4 /* DSPDemoTests */,
				AB6DC7C32B32F21500CDDCD4 /* DSPDemoUITests */,
			);
		};
/* End PBXProject section */

/* Begin PBXResourcesBuildPhase section */
		AB6DC79D2B32F21400CDDCD4 /* Resources */ = {
			isa = PBXResourcesBuildPhase;
			buildActionMask = 2147483647;
			files = (
				AB1C592E2B3BC80A0032D7CE /* DSPSDK.podspec in Resources */,
				AB6DC7B22B32F21500CDDCD4 /* LaunchScreen.storyboard in Resources */,
				AB6E34FC2B3AD287000FE368 /* DSPBundle.bundle in Resources */,
				AB6DC7AF2B32F21500CDDCD4 /* Assets.xcassets in Resources */,
				AB6DC7AD2B32F21400CDDCD4 /* Main.storyboard in Resources */,
			);
			runOnlyForDeploymentPostprocessing = 0;
		};
		AB6DC7B82B32F21500CDDCD4 /* Resources */ = {
			isa = PBXResourcesBuildPhase;
			buildActionMask = 2147483647;
			files = (
			);
			runOnlyForDeploymentPostprocessing = 0;
		};
		AB6DC7C22B32F21500CDDCD4 /* Resources */ = {
			isa = PBXResourcesBuildPhase;
			buildActionMask = 2147483647;
			files = (
			);
			runOnlyForDeploymentPostprocessing = 0;
		};
/* End PBXResourcesBuildPhase section */

/* Begin PBXSourcesBuildPhase section */
		AB6DC79B2B32F21400CDDCD4 /* Sources */ = {
			isa = PBXSourcesBuildPhase;
			buildActionMask = 2147483647;
			files = (
				AB6DC7AA2B32F21400CDDCD4 /* ViewController.m in Sources */,
				AB6E350F2B3AE410000FE368 /* UIButton+FunctionExpansion.m in Sources */,
				AB6E35112B3AE410000FE368 /* UILabel+FunctionExpansion.m in Sources */,
				AB6E35122B3AE410000FE368 /* UINavigationController+FDFullscreenPopGesture.m in Sources */,
				AB6E350E2B3AE410000FE368 /* UITextField+FunctionExpansion.m in Sources */,
				AB6DC7A42B32F21400CDDCD4 /* AppDelegate.m in Sources */,
				AB6E35102B3AE410000FE368 /* UIView+FunctionExpansion.m in Sources */,
				AB6DC7B52B32F21500CDDCD4 /* main.m in Sources */,
				AB6DC7A72B32F21400CDDCD4 /* SceneDelegate.m in Sources */,
			);
			runOnlyForDeploymentPostprocessing = 0;
		};
		AB6DC7B62B32F21500CDDCD4 /* Sources */ = {
			isa = PBXSourcesBuildPhase;
			buildActionMask = 2147483647;
			files = (
				AB6DC7BF2B32F21500CDDCD4 /* DSPDemoTests.m in Sources */,
			);
			runOnlyForDeploymentPostprocessing = 0;
		};
		AB6DC7C02B32F21500CDDCD4 /* Sources */ = {
			isa = PBXSourcesBuildPhase;
			buildActionMask = 2147483647;
			files = (
				AB6DC7C92B32F21500CDDCD4 /* DSPDemoUITests.m in Sources */,
				AB6DC7CB2B32F21500CDDCD4 /* DSPDemoUITestsLaunchTests.m in Sources */,
			);
			runOnlyForDeploymentPostprocessing = 0;
		};
/* End PBXSourcesBuildPhase section */

/* Begin PBXTargetDependency section */
		AB6DC7BC2B32F21500CDDCD4 /* PBXTargetDependency */ = {
			isa = PBXTargetDependency;
			target = AB6DC79E2B32F21400CDDCD4 /* DSPDemo */;
			targetProxy = AB6DC7BB2B32F21500CDDCD4 /* PBXContainerItemProxy */;
		};
		AB6DC7C62B32F21500CDDCD4 /* PBXTargetDependency */ = {
			isa = PBXTargetDependency;
			target = AB6DC79E2B32F21400CDDCD4 /* DSPDemo */;
			targetProxy = AB6DC7C52B32F21500CDDCD4 /* PBXContainerItemProxy */;
		};
/* End PBXTargetDependency section */

/* Begin PBXVariantGroup section */
		AB6DC7AB2B32F21400CDDCD4 /* Main.storyboard */ = {
			isa = PBXVariantGroup;
			children = (
				AB6DC7AC2B32F21400CDDCD4 /* Base */,
			);
			name = Main.storyboard;
			sourceTree = "<group>";
		};
		AB6DC7B02B32F21500CDDCD4 /* LaunchScreen.storyboard */ = {
			isa = PBXVariantGroup;
			children = (
				AB6DC7B12B32F21500CDDCD4 /* Base */,
			);
			name = LaunchScreen.storyboard;
			sourceTree = "<group>";
		};
/* End PBXVariantGroup section */

/* Begin XCBuildConfiguration section */
		AB6DC7CC2B32F21500CDDCD4 /* Debug */ = {
			isa = XCBuildConfiguration;
			buildSettings = {
				ALWAYS_SEARCH_USER_PATHS = NO;
				ASSETCATALOG_COMPILER_GENERATE_SWIFT_ASSET_SYMBOL_EXTENSIONS = YES;
				CLANG_ANALYZER_NONNULL = YES;
				CLANG_ANALYZER_NUMBER_OBJECT_CONVERSION = YES_AGGRESSIVE;
				CLANG_CXX_LANGUAGE_STANDARD = "gnu++20";
				CLANG_ENABLE_MODULES = YES;
				CLANG_ENABLE_OBJC_ARC = YES;
				CLANG_ENABLE_OBJC_WEAK = YES;
				CLANG_WARN_BLOCK_CAPTURE_AUTORELEASING = YES;
				CLANG_WARN_BOOL_CONVERSION = YES;
				CLANG_WARN_COMMA = YES;
				CLANG_WARN_CONSTANT_CONVERSION = YES;
				CLANG_WARN_DEPRECATED_OBJC_IMPLEMENTATIONS = YES;
				CLANG_WARN_DIRECT_OBJC_ISA_USAGE = YES_ERROR;
				CLANG_WARN_DOCUMENTATION_COMMENTS = YES;
				CLANG_WARN_EMPTY_BODY = YES;
				CLANG_WARN_ENUM_CONVERSION = YES;
				CLANG_WARN_INFINITE_RECURSION = YES;
				CLANG_WARN_INT_CONVERSION = YES;
				CLANG_WARN_NON_LITERAL_NULL_CONVERSION = YES;
				CLANG_WARN_OBJC_IMPLICIT_RETAIN_SELF = YES;
				CLANG_WARN_OBJC_LITERAL_CONVERSION = YES;
				CLANG_WARN_OBJC_ROOT_CLASS = YES_ERROR;
				CLANG_WARN_QUOTED_INCLUDE_IN_FRAMEWORK_HEADER = YES;
				CLANG_WARN_RANGE_LOOP_ANALYSIS = YES;
				CLANG_WARN_STRICT_PROTOTYPES = YES;
				CLANG_WARN_SUSPICIOUS_MOVE = YES;
				CLANG_WARN_UNGUARDED_AVAILABILITY = YES_AGGRESSIVE;
				CLANG_WARN_UNREACHABLE_CODE = YES;
				CLANG_WARN__DUPLICATE_METHOD_MATCH = YES;
				COPY_PHASE_STRIP = NO;
				DEBUG_INFORMATION_FORMAT = dwarf;
				ENABLE_STRICT_OBJC_MSGSEND = YES;
				ENABLE_TESTABILITY = YES;
				ENABLE_USER_SCRIPT_SANDBOXING = YES;
				GCC_C_LANGUAGE_STANDARD = gnu17;
				GCC_DYNAMIC_NO_PIC = NO;
				GCC_NO_COMMON_BLOCKS = YES;
				GCC_OPTIMIZATION_LEVEL = 0;
				GCC_PREPROCESSOR_DEFINITIONS = (
					"DEBUG=1",
					"$(inherited)",
				);
				GCC_WARN_64_TO_32_BIT_CONVERSION = YES;
				GCC_WARN_ABOUT_RETURN_TYPE = YES_ERROR;
				GCC_WARN_UNDECLARED_SELECTOR = YES;
				GCC_WARN_UNINITIALIZED_AUTOS = YES_AGGRESSIVE;
				GCC_WARN_UNUSED_FUNCTION = YES;
				GCC_WARN_UNUSED_VARIABLE = YES;
				IPHONEOS_DEPLOYMENT_TARGET = 17.0;
				LOCALIZATION_PREFERS_STRING_CATALOGS = YES;
				MTL_ENABLE_DEBUG_INFO = INCLUDE_SOURCE;
				MTL_FAST_MATH = YES;
				ONLY_ACTIVE_ARCH = YES;
				SDKROOT = iphoneos;
			};
			name = Debug;
		};
		AB6DC7CD2B32F21500CDDCD4 /* Release */ = {
			isa = XCBuildConfiguration;
			buildSettings = {
				ALWAYS_SEARCH_USER_PATHS = NO;
				ASSETCATALOG_COMPILER_GENERATE_SWIFT_ASSET_SYMBOL_EXTENSIONS = YES;
				CLANG_ANALYZER_NONNULL = YES;
				CLANG_ANALYZER_NUMBER_OBJECT_CONVERSION = YES_AGGRESSIVE;
				CLANG_CXX_LANGUAGE_STANDARD = "gnu++20";
				CLANG_ENABLE_MODULES = YES;
				CLANG_ENABLE_OBJC_ARC = YES;
				CLANG_ENABLE_OBJC_WEAK = YES;
				CLANG_WARN_BLOCK_CAPTURE_AUTORELEASING = YES;
				CLANG_WARN_BOOL_CONVERSION = YES;
				CLANG_WARN_COMMA = YES;
				CLANG_WARN_CONSTANT_CONVERSION = YES;
				CLANG_WARN_DEPRECATED_OBJC_IMPLEMENTATIONS = YES;
				CLANG_WARN_DIRECT_OBJC_ISA_USAGE = YES_ERROR;
				CLANG_WARN_DOCUMENTATION_COMMENTS = YES;
				CLANG_WARN_EMPTY_BODY = YES;
				CLANG_WARN_ENUM_CONVERSION = YES;
				CLANG_WARN_INFINITE_RECURSION = YES;
				CLANG_WARN_INT_CONVERSION = YES;
				CLANG_WARN_NON_LITERAL_NULL_CONVERSION = YES;
				CLANG_WARN_OBJC_IMPLICIT_RETAIN_SELF = YES;
				CLANG_WARN_OBJC_LITERAL_CONVERSION = YES;
				CLANG_WARN_OBJC_ROOT_CLASS = YES_ERROR;
				CLANG_WARN_QUOTED_INCLUDE_IN_FRAMEWORK_HEADER = YES;
				CLANG_WARN_RANGE_LOOP_ANALYSIS = YES;
				CLANG_WARN_STRICT_PROTOTYPES = YES;
				CLANG_WARN_SUSPICIOUS_MOVE = YES;
				CLANG_WARN_UNGUARDED_AVAILABILITY = YES_AGGRESSIVE;
				CLANG_WARN_UNREACHABLE_CODE = YES;
				CLANG_WARN__DUPLICATE_METHOD_MATCH = YES;
				COPY_PHASE_STRIP = NO;
				DEBUG_INFORMATION_FORMAT = "dwarf-with-dsym";
				ENABLE_NS_ASSERTIONS = NO;
				ENABLE_STRICT_OBJC_MSGSEND = YES;
				ENABLE_USER_SCRIPT_SANDBOXING = YES;
				GCC_C_LANGUAGE_STANDARD = gnu17;
				GCC_NO_COMMON_BLOCKS = YES;
				GCC_WARN_64_TO_32_BIT_CONVERSION = YES;
				GCC_WARN_ABOUT_RETURN_TYPE = YES_ERROR;
				GCC_WARN_UNDECLARED_SELECTOR = YES;
				GCC_WARN_UNINITIALIZED_AUTOS = YES_AGGRESSIVE;
				GCC_WARN_UNUSED_FUNCTION = YES;
				GCC_WARN_UNUSED_VARIABLE = YES;
				IPHONEOS_DEPLOYMENT_TARGET = 17.0;
				LOCALIZATION_PREFERS_STRING_CATALOGS = YES;
				MTL_ENABLE_DEBUG_INFO = NO;
				MTL_FAST_MATH = YES;
				SDKROOT = iphoneos;
				VALIDATE_PRODUCT = YES;
			};
			name = Release;
		};
		AB6DC7CF2B32F21500CDDCD4 /* Debug */ = {
			isa = XCBuildConfiguration;
			buildSettings = {
				ASSETCATALOG_COMPILER_APPICON_NAME = AppIcon;
				ASSETCATALOG_COMPILER_GLOBAL_ACCENT_COLOR_NAME = AccentColor;
				CODE_SIGN_STYLE = Automatic;
				CURRENT_PROJECT_VERSION = 1;
				DEVELOPMENT_TEAM = FDRWRXCL7C;
				ENABLE_BITCODE = NO;
				GENERATE_INFOPLIST_FILE = YES;
				INFOPLIST_FILE = DSPDemo/Info.plist;
				INFOPLIST_KEY_CFBundleDisplayName = DSPSDKDEMO;
				INFOPLIST_KEY_NSLocalNetworkUsageDescription = "app不会连接到您所用网络上的设备，只会检测与您本地网关的连通性.用户也可以在 `设置-->隐私-->本地网络`界面修改 app 的权限设置";
				INFOPLIST_KEY_NSLocationAlwaysUsageDescription = "总是获取本机位置";
				INFOPLIST_KEY_NSLocationWhenInUseUsageDescription = "使用程序的时候获取本机位置";
				INFOPLIST_KEY_NSUserTrackingUsageDescription = "该标识符将用于向您投放个性化广告";
				INFOPLIST_KEY_UIApplicationSupportsIndirectInputEvents = YES;
				INFOPLIST_KEY_UILaunchStoryboardName = LaunchScreen;
				INFOPLIST_KEY_UIMainStoryboardFile = Main;
				INFOPLIST_KEY_UISupportedInterfaceOrientations = "UIInterfaceOrientationPortrait UIInterfaceOrientationLandscapeLeft UIInterfaceOrientationLandscapeRight UIInterfaceOrientationPortraitUpsideDown";
				INFOPLIST_KEY_UISupportedInterfaceOrientations_iPad = "UIInterfaceOrientationPortrait UIInterfaceOrientationPortraitUpsideDown UIInterfaceOrientationLandscapeLeft UIInterfaceOrientationLandscapeRight";
				INFOPLIST_KEY_UISupportedInterfaceOrientations_iPhone = "UIInterfaceOrientationPortrait UIInterfaceOrientationLandscapeLeft UIInterfaceOrientationLandscapeRight";
				IPHONEOS_DEPLOYMENT_TARGET = 12.0;
				LD_RUNPATH_SEARCH_PATHS = (
					"$(inherited)",
					"@executable_path/Frameworks",
				);
				MARKETING_VERSION = 1.0;
				OTHER_LDFLAGS = "-ObjC";
				PRODUCT_BUNDLE_IDENTIFIER = com.dsp.exp.DSPDemo;
				PRODUCT_NAME = "$(TARGET_NAME)";
				SWIFT_EMIT_LOC_STRINGS = YES;
				TARGETED_DEVICE_FAMILY = "1,2";
			};
			name = Debug;
		};
		AB6DC7D02B32F21500CDDCD4 /* Release */ = {
			isa = XCBuildConfiguration;
			buildSettings = {
				ASSETCATALOG_COMPILER_APPICON_NAME = AppIcon;
				ASSETCATALOG_COMPILER_GLOBAL_ACCENT_COLOR_NAME = AccentColor;
				CODE_SIGN_STYLE = Automatic;
				CURRENT_PROJECT_VERSION = 1;
				DEVELOPMENT_TEAM = FDRWRXCL7C;
				ENABLE_BITCODE = NO;
				GENERATE_INFOPLIST_FILE = YES;
				INFOPLIST_FILE = DSPDemo/Info.plist;
				INFOPLIST_KEY_CFBundleDisplayName = DSPSDKDEMO;
				INFOPLIST_KEY_NSLocalNetworkUsageDescription = "app不会连接到您所用网络上的设备，只会检测与您本地网关的连通性.用户也可以在 `设置-->隐私-->本地网络`界面修改 app 的权限设置";
				INFOPLIST_KEY_NSLocationAlwaysUsageDescription = "总是获取本机位置";
				INFOPLIST_KEY_NSLocationWhenInUseUsageDescription = "使用程序的时候获取本机位置";
				INFOPLIST_KEY_NSUserTrackingUsageDescription = "该标识符将用于向您投放个性化广告";
				INFOPLIST_KEY_UIApplicationSupportsIndirectInputEvents = YES;
				INFOPLIST_KEY_UILaunchStoryboardName = LaunchScreen;
				INFOPLIST_KEY_UIMainStoryboardFile = Main;
				INFOPLIST_KEY_UISupportedInterfaceOrientations = "UIInterfaceOrientationPortrait UIInterfaceOrientationLandscapeLeft UIInterfaceOrientationLandscapeRight UIInterfaceOrientationPortraitUpsideDown";
				INFOPLIST_KEY_UISupportedInterfaceOrientations_iPad = "UIInterfaceOrientationPortrait UIInterfaceOrientationPortraitUpsideDown UIInterfaceOrientationLandscapeLeft UIInterfaceOrientationLandscapeRight";
				INFOPLIST_KEY_UISupportedInterfaceOrientations_iPhone = "UIInterfaceOrientationPortrait UIInterfaceOrientationLandscapeLeft UIInterfaceOrientationLandscapeRight";
				IPHONEOS_DEPLOYMENT_TARGET = 12.0;
				LD_RUNPATH_SEARCH_PATHS = (
					"$(inherited)",
					"@executable_path/Frameworks",
				);
				MARKETING_VERSION = 1.0;
				OTHER_LDFLAGS = "-ObjC";
				PRODUCT_BUNDLE_IDENTIFIER = com.dsp.exp.DSPDemo;
				PRODUCT_NAME = "$(TARGET_NAME)";
				SWIFT_EMIT_LOC_STRINGS = YES;
				TARGETED_DEVICE_FAMILY = "1,2";
			};
			name = Release;
		};
		AB6DC7D22B32F21500CDDCD4 /* Debug */ = {
			isa = XCBuildConfiguration;
			buildSettings = {
				BUNDLE_LOADER = "$(TEST_HOST)";
				CODE_SIGN_STYLE = Automatic;
				CURRENT_PROJECT_VERSION = 1;
				DEVELOPMENT_TEAM = FDRWRXCL7C;
				GENERATE_INFOPLIST_FILE = YES;
				IPHONEOS_DEPLOYMENT_TARGET = 17.0;
				MARKETING_VERSION = 1.0;
				PRODUCT_BUNDLE_IDENTIFIER = com.dsp.exp.DSPDemoTests;
				PRODUCT_NAME = "$(TARGET_NAME)";
				SWIFT_EMIT_LOC_STRINGS = NO;
				TARGETED_DEVICE_FAMILY = "1,2";
				TEST_HOST = "$(BUILT_PRODUCTS_DIR)/DSPDemo.app/$(BUNDLE_EXECUTABLE_FOLDER_PATH)/DSPDemo";
			};
			name = Debug;
		};
		AB6DC7D32B32F21500CDDCD4 /* Release */ = {
			isa = XCBuildConfiguration;
			buildSettings = {
				BUNDLE_LOADER = "$(TEST_HOST)";
				CODE_SIGN_STYLE = Automatic;
				CURRENT_PROJECT_VERSION = 1;
				DEVELOPMENT_TEAM = FDRWRXCL7C;
				GENERATE_INFOPLIST_FILE = YES;
				IPHONEOS_DEPLOYMENT_TARGET = 17.0;
				MARKETING_VERSION = 1.0;
				PRODUCT_BUNDLE_IDENTIFIER = com.dsp.exp.DSPDemoTests;
				PRODUCT_NAME = "$(TARGET_NAME)";
				SWIFT_EMIT_LOC_STRINGS = NO;
				TARGETED_DEVICE_FAMILY = "1,2";
				TEST_HOST = "$(BUILT_PRODUCTS_DIR)/DSPDemo.app/$(BUNDLE_EXECUTABLE_FOLDER_PATH)/DSPDemo";
			};
			name = Release;
		};
		AB6DC7D52B32F21500CDDCD4 /* Debug */ = {
			isa = XCBuildConfiguration;
			buildSettings = {
				CODE_SIGN_STYLE = Automatic;
				CURRENT_PROJECT_VERSION = 1;
				DEVELOPMENT_TEAM = FDRWRXCL7C;
				GENERATE_INFOPLIST_FILE = YES;
				MARKETING_VERSION = 1.0;
				PRODUCT_BUNDLE_IDENTIFIER = com.dsp.exp.DSPDemoUITests;
				PRODUCT_NAME = "$(TARGET_NAME)";
				SWIFT_EMIT_LOC_STRINGS = NO;
				TARGETED_DEVICE_FAMILY = "1,2";
				TEST_TARGET_NAME = DSPDemo;
			};
			name = Debug;
		};
		AB6DC7D62B32F21500CDDCD4 /* Release */ = {
			isa = XCBuildConfiguration;
			buildSettings = {
				CODE_SIGN_STYLE = Automatic;
				CURRENT_PROJECT_VERSION = 1;
				DEVELOPMENT_TEAM = FDRWRXCL7C;
				GENERATE_INFOPLIST_FILE = YES;
				MARKETING_VERSION = 1.0;
				PRODUCT_BUNDLE_IDENTIFIER = com.dsp.exp.DSPDemoUITests;
				PRODUCT_NAME = "$(TARGET_NAME)";
				SWIFT_EMIT_LOC_STRINGS = NO;
				TARGETED_DEVICE_FAMILY = "1,2";
				TEST_TARGET_NAME = DSPDemo;
			};
			name = Release;
		};
/* End XCBuildConfiguration section */

/* Begin XCConfigurationList section */
		AB6DC79A2B32F21400CDDCD4 /* Build configuration list for PBXProject "DSPDemo" */ = {
			isa = XCConfigurationList;
			buildConfigurations = (
				AB6DC7CC2B32F21500CDDCD4 /* Debug */,
				AB6DC7CD2B32F21500CDDCD4 /* Release */,
			);
			defaultConfigurationIsVisible = 0;
			defaultConfigurationName = Release;
		};
		AB6DC7CE2B32F21500CDDCD4 /* Build configuration list for PBXNativeTarget "DSPDemo" */ = {
			isa = XCConfigurationList;
			buildConfigurations = (
				AB6DC7CF2B32F21500CDDCD4 /* Debug */,
				AB6DC7D02B32F21500CDDCD4 /* Release */,
			);
			defaultConfigurationIsVisible = 0;
			defaultConfigurationName = Release;
		};
		AB6DC7D12B32F21500CDDCD4 /* Build configuration list for PBXNativeTarget "DSPDemoTests" */ = {
			isa = XCConfigurationList;
			buildConfigurations = (
				AB6DC7D22B32F21500CDDCD4 /* Debug */,
				AB6DC7D32B32F21500CDDCD4 /* Release */,
			);
			defaultConfigurationIsVisible = 0;
			defaultConfigurationName = Release;
		};
		AB6DC7D42B32F21500CDDCD4 /* Build configuration list for PBXNativeTarget "DSPDemoUITests" */ = {
			isa = XCConfigurationList;
			buildConfigurations = (
				AB6DC7D52B32F21500CDDCD4 /* Debug */,
				AB6DC7D62B32F21500CDDCD4 /* Release */,
			);
			defaultConfigurationIsVisible = 0;
			defaultConfigurationName = Release;
		};
/* End XCConfigurationList section */
	};
	rootObject = AB6DC7972B32F21400CDDCD4 /* Project object */;
}
